{
    "_meta": {
        "hash": {
            "sha256": "4bbfc043a3dced5e93b633c652e361e0d63239c51dc0d1b0c95c2f7566a5d041"
        },
        "pipfile-spec": 6,
        "requires": {
            "python_version": "3.8"
        },
        "sources": [
            {
                "name": "pypi",
                "url": "https://pypi.org/simple",
                "verify_ssl": true
            }
        ]
    },
    "default": {
        "aiofiles": {
            "hashes": [
                "sha256:7a973fc22b29e9962d0897805ace5856e6a566ab1f0c8e5c91ff6c866519c937",
                "sha256:8334f23235248a3b2e83b2c3a78a22674f39969b96397126cc93664d9a901e59"
            ],
            "markers": "python_version >= '3.6' and python_version < '4.0'",
            "version": "==0.8.0"
        },
        "certifi": {
            "hashes": [
                "sha256:78884e7c1d4b00ce3cea67b44566851c4343c120abd683433ce934a68ea58872",
                "sha256:d62a0163eb4c2344ac042ab2bdf75399a71a2d8c7d47eac2e2ee91b9d6339569"
            ],
            "version": "==2021.10.8"
        },
        "charset-normalizer": {
            "hashes": [
                "sha256:1eecaa09422db5be9e29d7fc65664e6c33bd06f9ced7838578ba40d58bdf3721",
                "sha256:b0b883e8e874edfdece9c28f314e3dd5badf067342e42fb162203335ae61aa2c"
            ],
            "markers": "python_version >= '3'",
            "version": "==2.0.9"
        },
        "grpcio": {
            "hashes": [
                "sha256:0209f30741de1875413f40e89bec9c647e7afad4a3549a6a1682c1ee23da68ca",
                "sha256:06d5364e85e0fa50ee68bffd9c93a6aff869a91c68f1fd7ba1b944e063a0ff9f",
                "sha256:17433f7eb01737240581b33fbc2eae7b7fa6d3429571782580bceaf05ec56cb8",
                "sha256:21aa4a111b3381d3dd982a3df62348713b29f651aa9f6dfbc9415adbfe28d2ba",
                "sha256:2956da789d74fc35d2c869b3aa45dbf41c5d862c056ca8b5e35a688347ede809",
                "sha256:29fc36c99161ff307c8ca438346b2e36f81dac5ecdbabc983d0b255d7913fb19",
                "sha256:2aba7f93671ec971c5c70db81633b49a2f974aa09a2d811aede344a32bad1896",
                "sha256:2b264cf303a22c46f8d455f42425c546ad6ce22f183debb8d64226ddf1e039f4",
                "sha256:3a13953e12dc40ee247b5fe6ef22b5fac8f040a76b814a11bf9f423e82402f28",
                "sha256:47ab65be9ba7a0beee94bbe2fb1dd03cb7832db9df4d1f8fae215a16b3edeb5e",
                "sha256:4a8f2c7490fe3696e0cdd566e2f099fb91b51bc75446125175c55581c2f7bc11",
                "sha256:53e10d07e541073eb9a84d49ecffb831c3cbb970bcd8cd8de8431e935bf66c2e",
                "sha256:5441d343602ce10ba48fcb36bb5de197a15a01dc9ee0f71c2a73cd5cd3d7f5ac",
                "sha256:59163b8d2e0d85f0ecbee52b348f867eec7e0f909177564fb3956363f7e616e5",
                "sha256:5b9f0c4822e3a52a1663a315752c6bbdbed0ec15a660d3e64137335acbb5b7ce",
                "sha256:603d71de14ab1f1fd1254b69ceda73545943461b1f51f82fda9477503330b6ea",
                "sha256:64f2b3e6474e2ad865478b64f0850d15842acbb2623de5f78a60ceabe00c63e0",
                "sha256:65720d2bf05e2b78c4bffe372f13c41845bae5658fd3f5dd300c374dd240e5cb",
                "sha256:6655df5f31664bac4cd6c9b52f389fd92cd10025504ad83685038f47e11e29d8",
                "sha256:66f910b6324ae69625e63db2eb29d833c307cfa36736fe13d2f841656c5f658f",
                "sha256:6b69726d7bbb633133c1b0d780b1357aa9b7a7f714fead6470bab1feb8012806",
                "sha256:6e5eec67909795f7b1ff2bd941bd6c2661ca5217ea9c35003d73314100786f60",
                "sha256:6ef72f0abdb89fb7c366a99e04823ecae5cda9f762f2234f42fc280447277cd6",
                "sha256:76b5fa4c6d88f804456e763461cf7a1db38b200669f1ba00c579014ab5aa7965",
                "sha256:7742606ac2bc03ed10360f4f630e0cc01dce864fe63557254e9adea21bb51416",
                "sha256:7a3c9b8e13365529f9426d4754085e8a9c2ad718a41a46a97e4e30e87bb45eae",
                "sha256:8e8cd9909fdd232ecffb954936fd90c935ebe0b5fce36c88813f8247ce54019c",
                "sha256:a6f9ed5320b93c029615b75f6c8caf2c76aa6545d8845f3813908892cfc5f84e",
                "sha256:b4d7115ee08a36f3f50a6233bd78280e40847e078d2a5bb39c0ab0db4490d58f",
                "sha256:b74bbac7e039cf23ed0c8edd820c31e90a52a22e28a03d45274a0956addde8d2",
                "sha256:b781f412546830be55644f7c48251d30860f4725981862d4a1ea322f80d9cd34",
                "sha256:bf916ee93ea2fd52b5286ed4e19cbbde5e82754914379ea91dc5748550df3b4e",
                "sha256:d08ce780bbd8d1a442d855bd681ed0f7483c65d2c8ed83701a9ea4f13678411f",
                "sha256:d1451a8c0c01c5b5fdfeb8f777820cb277fb5d797d972f57a41bb82483c44a79",
                "sha256:d58b3774ee2084c31aad140586a42e18328d9823959ca006a0b85ad7937fe405",
                "sha256:d6c0b159b38fcc3bbc3331105197c1f58ac0d294eb83910d136a325a85def88f",
                "sha256:d7f66eb220898787d7821a7931e35ae2512ed74f79f75adcd7ea2fb3119ca87d",
                "sha256:d92c1721c7981812d0f42dfc8248b15d3b6a2ea79eb8870776364423de2aa245",
                "sha256:e2d9c6690d4c88cd51ee395d7ba5bd1d26d7c37e94cb59e7fd62ff21ecaf891d",
                "sha256:e62140c46d8125927c673c72c960cb387c02b2a1a3c6985a8b0a3914d27c0018",
                "sha256:ea3560ffbfe08327024380508190103937fef25e355d2259f8b5c003a0732f55",
                "sha256:f2e3f250e5398bf474c6e140df1b67494bf1e31c5277b5bf93841a564cbc22d0",
                "sha256:f385e40846ff81d1c6dce98dcc192c7988a46540758804c4a2e6da5a0e3e3e05",
                "sha256:f721b42a20d886c03d9b1f461b228cdaf02ccf6c4550e263f7fd3ce3ff19a8f1"
            ],
            "markers": "python_version >= '3.6'",
            "version": "==1.42.0"
        },
        "idna": {
            "hashes": [
                "sha256:84d9dd047ffa80596e0f246e2eab0b391788b0503584e8945f2368256d2735ff",
                "sha256:9d643ff0a55b762d5cdb124b8eaa99c66322e2157b69160bc32796e824360e6d"
            ],
            "markers": "python_version >= '3'",
            "version": "==3.3"
        },
        "loguru": {
            "hashes": [
                "sha256:b28e72ac7a98be3d28ad28570299a393dfcd32e5e3f6a353dec94675767b6319",
                "sha256:f8087ac396b5ee5f67c963b495d615ebbceac2796379599820e324419d53667c"
            ],
            "index": "pypi",
            "version": "==0.5.3"
        },
        "oauthlib": {
            "hashes": [
                "sha256:42bf6354c2ed8c6acb54d971fce6f88193d97297e18602a3a886603f9d7730cc",
                "sha256:8f0215fcc533dd8dd1bee6f4c412d4f0cd7297307d43ac61666389e3bc3198a3"
            ],
            "markers": "python_version >= '3.6'",
            "version": "==3.1.1"
        },
        "protobuf": {
            "hashes": [
                "sha256:038daf4fa38a7e818dd61f51f22588d61755160a98db087a046f80d66b855942",
                "sha256:28ccea56d4dc38d35cd70c43c2da2f40ac0be0a355ef882242e8586c6d66666f",
                "sha256:36d90676d6f426718463fe382ec6274909337ca6319d375eebd2044e6c6ac560",
                "sha256:3cd0458870ea7d1c58e948ac8078f6ba8a7ecc44a57e03032ed066c5bb318089",
                "sha256:5935c8ce02e3d89c7900140a8a42b35bc037ec07a6aeb61cc108be8d3c9438a6",
                "sha256:615b426a177780ce381ecd212edc1e0f70db8557ed72560b82096bd36b01bc04",
                "sha256:62a8e4baa9cb9e064eb62d1002eca820857ab2138440cb4b3ea4243830f94ca7",
                "sha256:655264ed0d0efe47a523e2255fc1106a22f6faab7cc46cfe99b5bae085c2a13e",
                "sha256:6e8ea9173403219239cdfd8d946ed101f2ab6ecc025b0fda0c6c713c35c9981d",
                "sha256:71b0250b0cfb738442d60cab68abc166de43411f2a4f791d31378590bfb71bd7",
                "sha256:74f33edeb4f3b7ed13d567881da8e5a92a72b36495d57d696c2ea1ae0cfee80c",
                "sha256:77d2fadcf369b3f22859ab25bd12bb8e98fb11e05d9ff9b7cd45b711c719c002",
                "sha256:8b30a7de128c46b5ecb343917d9fa737612a6e8280f440874e5cc2ba0d79b8f6",
                "sha256:8e51561d72efd5bd5c91490af1f13e32bcba8dab4643761eb7de3ce18e64a853",
                "sha256:a529e7df52204565bcd33738a7a5f288f3d2d37d86caa5d78c458fa5fabbd54d",
                "sha256:b691d996c6d0984947c4cf8b7ae2fe372d99b32821d0584f0b90277aa36982d3",
                "sha256:d80f80eb175bf5f1169139c2e0c5ada98b1c098e2b3c3736667f28cbbea39fc8",
                "sha256:d83e1ef8cb74009bebee3e61cc84b1c9cd04935b72bca0cbc83217d140424995",
                "sha256:d8919368410110633717c406ab5c97e8df5ce93020cfcf3012834f28b1fab1ea",
                "sha256:db3532d9f7a6ebbe2392041350437953b6d7a792de10e629c1e4f5a6b1fe1ac6",
                "sha256:e7b24c11df36ee8e0c085e5b0dc560289e4b58804746fb487287dda51410f1e2",
                "sha256:e7e8d2c20921f8da0dea277dfefc6abac05903ceac8e72839b2da519db69206b",
                "sha256:e813b1c9006b6399308e917ac5d298f345d95bb31f46f02b60cd92970a9afa17",
                "sha256:fd390367fc211cc0ffcf3a9e149dfeca78fecc62adb911371db0cec5c8b7472d"
            ],
            "markers": "python_version >= '3.5'",
            "version": "==3.19.1"
        },
        "pyzeebe": {
            "hashes": [
                "sha256:39d9214e07d3bbb7cf82017ee9e4d7c9686c5a6f1c5289a61119333588c26b6b",
                "sha256:5d7c2ea31dc9939d2859a1c8239dee420c6cbaeb04b3b335045ef5c382600fe1"
            ],
            "index": "pypi",
            "version": "==3.0.1"
        },
        "requests": {
            "hashes": [
                "sha256:6c1246513ecd5ecd4528a0906f910e8f0f9c6b8ec72030dc9fd154dc1a6efd24",
                "sha256:b8aa58f8cf793ffd8782d3d8cb19e66ef36f7aba4353eec859e74678b01b07a7"
            ],
            "markers": "python_version >= '2.7' and python_version not in '3.0, 3.1, 3.2, 3.3, 3.4, 3.5'",
            "version": "==2.26.0"
        },
        "requests-oauthlib": {
            "hashes": [
                "sha256:7f71572defaecd16372f9006f33c2ec8c077c3cfa6f5911a9a90202beb513f3d",
                "sha256:b4261601a71fd721a8bd6d7aa1cc1d6a8a93b4a9f5e96626f8e4d91e8beeaa6a",
                "sha256:fa6c47b933f01060936d87ae9327fead68768b69c6c9ea2109c48be30f2d4dbc"
            ],
            "version": "==1.3.0"
        },
        "six": {
            "hashes": [
                "sha256:1e61c37477a1626458e36f7b1d82aa5c9b094fa4802892072e49de9c60c4c926",
                "sha256:8abb2f1d86890a2dfb989f9a77cfcfd3e47c2a354b01111771326f8aa26e0254"
            ],
            "markers": "python_version >= '2.7' and python_version not in '3.0, 3.1, 3.2, 3.3'",
            "version": "==1.16.0"
        },
        "urllib3": {
            "hashes": [
                "sha256:4987c65554f7a2dbf30c18fd48778ef124af6fab771a377103da0585e2336ece",
                "sha256:c4fdf4019605b6e5423637e01bc9fe4daef873709a7973e195ceba0a62bbc844"
            ],
            "markers": "python_version >= '2.7' and python_version not in '3.0, 3.1, 3.2, 3.3, 3.4' and python_version < '4.0'",
            "version": "==1.26.7"
        },
        "zeebe-grpc": {
            "hashes": [
                "sha256:3590b5e6590a3e497f3662ac9dff326ad65e7dc651ca81a7ef7c8e26b1bc7be0",
                "sha256:514745aec5a3b06fa28cf5738d62aa78f87c7cde7301d884964c3c747d52e601"
            ],
            "version": "==1.2.3"
        }
    },
    "develop": {
        "astroid": {
            "hashes": [
                "sha256:87ae7f2398b8a0ae5638ddecf9987f081b756e0e9fc071aeebdca525671fc4dc",
                "sha256:b31c92f545517dcc452f284bc9c044050862fbe6d93d2b3de4a215a6b384bf0d"
            ],
            "markers": "python_version >= '3.6'",
            "version": "==2.5"
        },
        "attrs": {
            "hashes": [
                "sha256:149e90d6d8ac20db7a955ad60cf0e6881a3f20d37096140088356da6c716b0b1",
                "sha256:ef6aaac3ca6cd92904cdd0d83f629a15f18053ec84e6432106f7a4d04ae4f5fb"
            ],
            "markers": "python_version >= '2.7' and python_version not in '3.0, 3.1, 3.2, 3.3, 3.4'",
            "version": "==21.2.0"
        },
        "iniconfig": {
            "hashes": [
                "sha256:011e24c64b7f47f6ebd835bb12a743f2fbe9a26d4cecaa7f53bc4f35ee9da8b3",
                "sha256:bc3af051d7d14b2ee5ef9969666def0cd1a000e121eaea580d4a313df4b37f32"
            ],
            "version": "==1.1.1"
        },
        "isort": {
            "hashes": [
                "sha256:6f62d78e2f89b4500b080fe3a81690850cd254227f27f75c3a0c491a1f351ba7",
                "sha256:e8443a5e7a020e9d7f97f1d7d9cd17c88bcb3bc7e218bf9cf5095fe550be2951"
            ],
            "markers": "python_version < '4.0' and python_full_version >= '3.6.1'",
            "version": "==5.10.1"
        },
        "lazy-object-proxy": {
            "hashes": [
                "sha256:17e0967ba374fc24141738c69736da90e94419338fd4c7c7bef01ee26b339653",
                "sha256:1fee665d2638491f4d6e55bd483e15ef21f6c8c2095f235fef72601021e64f61",
                "sha256:22ddd618cefe54305df49e4c069fa65715be4ad0e78e8d252a33debf00f6ede2",
                "sha256:24a5045889cc2729033b3e604d496c2b6f588c754f7a62027ad4437a7ecc4837",
                "sha256:410283732af311b51b837894fa2f24f2c0039aa7f220135192b38fcc42bd43d3",
                "sha256:4732c765372bd78a2d6b2150a6e99d00a78ec963375f236979c0626b97ed8e43",
                "sha256:489000d368377571c6f982fba6497f2aa13c6d1facc40660963da62f5c379726",
                "sha256:4f60460e9f1eb632584c9685bccea152f4ac2130e299784dbaf9fae9f49891b3",
                "sha256:5743a5ab42ae40caa8421b320ebf3a998f89c85cdc8376d6b2e00bd12bd1b587",
                "sha256:85fb7608121fd5621cc4377a8961d0b32ccf84a7285b4f1d21988b2eae2868e8",
                "sha256:9698110e36e2df951c7c36b6729e96429c9c32b3331989ef19976592c5f3c77a",
                "sha256:9d397bf41caad3f489e10774667310d73cb9c4258e9aed94b9ec734b34b495fd",
                "sha256:b579f8acbf2bdd9ea200b1d5dea36abd93cabf56cf626ab9c744a432e15c815f",
                "sha256:b865b01a2e7f96db0c5d12cfea590f98d8c5ba64ad222300d93ce6ff9138bcad",
                "sha256:bf34e368e8dd976423396555078def5cfc3039ebc6fc06d1ae2c5a65eebbcde4",
                "sha256:c6938967f8528b3668622a9ed3b31d145fab161a32f5891ea7b84f6b790be05b",
                "sha256:d1c2676e3d840852a2de7c7d5d76407c772927addff8d742b9808fe0afccebdf",
                "sha256:d7124f52f3bd259f510651450e18e0fd081ed82f3c08541dffc7b94b883aa981",
                "sha256:d900d949b707778696fdf01036f58c9876a0d8bfe116e8d220cfd4b15f14e741",
                "sha256:ebfd274dcd5133e0afae738e6d9da4323c3eb021b3e13052d8cbd0e457b1256e",
                "sha256:ed361bb83436f117f9917d282a456f9e5009ea12fd6de8742d1a4752c3017e93",
                "sha256:f5144c75445ae3ca2057faac03fda5a902eff196702b0a24daf1d6ce0650514b"
            ],
            "markers": "python_version >= '2.7' and python_version not in '3.0, 3.1, 3.2, 3.3, 3.4, 3.5'",
            "version": "==1.6.0"
        },
        "mccabe": {
            "hashes": [
                "sha256:ab8a6258860da4b6677da4bd2fe5dc2c659cff31b3ee4f7f5d64e79735b80d42",
                "sha256:dd8d182285a0fe56bace7f45b5e7d1a6ebcbf524e8f3bd87eb0f125271b8831f"
            ],
            "version": "==0.6.1"
        },
        "packaging": {
            "hashes": [
                "sha256:dd47c42927d89ab911e606518907cc2d3a1f38bbd026385970643f9c5b8ecfeb",
                "sha256:ef103e05f519cdc783ae24ea4e2e0f508a9c99b2d4969652eed6a2e1ea5bd522"
            ],
            "markers": "python_version >= '3.6'",
            "version": "==21.3"
        },
        "pluggy": {
            "hashes": [
                "sha256:15b2acde666561e1298d71b523007ed7364de07029219b604cf808bfa1c765b0",
                "sha256:966c145cd83c96502c3c3868f50408687b38434af77734af1e9ca461a4081d2d"
            ],
            "markers": "python_version >= '2.7' and python_version not in '3.0, 3.1, 3.2, 3.3'",
            "version": "==0.13.1"
        },
        "py": {
            "hashes": [
                "sha256:51c75c4126074b472f746a24399ad32f6053d1b34b68d2fa41e558e6f4a98719",
                "sha256:607c53218732647dff4acdfcd50cb62615cedf612e72d1724fb1a0cc6405b378"
            ],
            "markers": "python_version >= '2.7' and python_version not in '3.0, 3.1, 3.2, 3.3, 3.4'",
            "version": "==1.11.0"
        },
        "pylint": {
            "hashes": [
                "sha256:bb4a908c9dadbc3aac18860550e870f58e1a02c9f2c204fdf5693d73be061210",
                "sha256:bfe68f020f8a0fece830a22dd4d5dddb4ecc6137db04face4c3420a46a52239f"
            ],
            "index": "pypi",
            "version": "==2.6.0"
        },
        "pyparsing": {
            "hashes": [
                "sha256:04ff808a5b90911829c55c4e26f75fa5ca8a2f5f36aa3a51f68e27033341d3e4",
                "sha256:d9bdec0013ef1eb5a84ab39a3b3868911598afa494f5faa038647101504e2b81"
            ],
            "markers": "python_version >= '3.6'",
            "version": "==3.0.6"
        },
        "pytest": {
            "hashes": [
                "sha256:7a8190790c17d79a11f847fba0b004ee9a8122582ebff4729a082c109e81a4c9",
                "sha256:8f593023c1a0f916110285b6efd7f99db07d59546e3d8c36fc60e2ab05d3be92"
            ],
            "index": "pypi",
            "version": "==6.1.1"
        },
        "toml": {
            "hashes": [
                "sha256:806143ae5bfb6a3c6e736a764057db0e6a0e05e338b5630894a5f779cabb4f9b",
                "sha256:b3bda1d108d5dd99f4a20d24d9c348e91c4db7ab1b749200bded2f839ccbe68f"
            ],
            "markers": "python_version >= '2.6' and python_version not in '3.0, 3.1, 3.2, 3.3'",
            "version": "==0.10.2"
        },
        "wrapt": {
            "hashes": [
                "sha256:b62ffa81fb85f4332a4f609cab4ac40709470da05643a082ec1eb88e6d9b97d7"
            ],
            "version": "==1.12.1"
        }
    }
}
